
Microsoft Visual Studio Solution File, Format Version 12.00
# Visual Studio Version 17
VisualStudioVersion = 17.9.34714.143
MinimumVisualStudioVersion = 10.0.40219.1
Project("{FAE04EC0-301F-11D3-BF4B-00C04F79EFBC}") = "HOMEWORKCRUD", "HOMEWORKCRUD\HOMEWORKCRUD.csproj", "{7F722847-2310-49EB-B17E-253D2C1F7923}"
EndProject
Global
	GlobalSection(SolutionConfigurationPlatforms) = preSolution
		Debug|Any CPU = Debug|Any CPU
		Release|Any CPU = Release|Any CPU
	EndGlobalSection
	GlobalSection(ProjectConfigurationPlatforms) = postSolution
		{7F722847-2310-49EB-B17E-253D2C1F7923}.Debug|Any CPU.ActiveCfg = Debug|Any CPU
		{7F722847-2310-49EB-B17E-253D2C1F7923}.Debug|Any CPU.Build.0 = Debug|Any CPU
		{7F722847-2310-49EB-B17E-253D2C1F7923}.Release|Any CPU.ActiveCfg = Release|Any CPU
		{7F722847-2310-49EB-B17E-253D2C1F7923}.Release|Any CPU.Build.0 = Release|Any CPU
	EndGlobalSection
	GlobalSection(SolutionProperties) = preSolution
		HideSolutionNode = FALSE
	EndGlobalSection
	GlobalSection(ExtensibilityGlobals) = postSolution
		SolutionGuid = {114B3F1C-3262-4F75-81A5-1C8D72B34211}
	EndGlobalSection
EndGlobal
